
Microsoft Visual Studio Solution File, Format Version 12.00
# Visual Studio Version 17
VisualStudioVersion = 17.10.35013.160
MinimumVisualStudioVersion = 10.0.40219.1
Project("{FAE04EC0-301F-11D3-BF4B-00C04F79EFBC}") = "FoxHoleStatsWebAPI", "FoxHoleStatsWebAPI\FoxHoleStatsWebAPI.csproj", "{835519B4-1E59-4955-A434-454930404528}"
EndProject
Project("{2150E333-8FDC-42A3-9474-1A3956D46DE8}") = "Solution Items", "Solution Items", "{7B69DAEF-FD3A-4BC6-87B2-FF0F1F94571F}"
	ProjectSection(SolutionItems) = preProject
		.editorconfig = .editorconfig
	EndProjectSection
EndProject
Global
	GlobalSection(SolutionConfigurationPlatforms) = preSolution
		Debug|Any CPU = Debug|Any CPU
		Release|Any CPU = Release|Any CPU
	EndGlobalSection
	GlobalSection(ProjectConfigurationPlatforms) = postSolution
		{835519B4-1E59-4955-A434-454930404528}.Debug|Any CPU.ActiveCfg = Debug|Any CPU
		{835519B4-1E59-4955-A434-454930404528}.Debug|Any CPU.Build.0 = Debug|Any CPU
		{835519B4-1E59-4955-A434-454930404528}.Release|Any CPU.ActiveCfg = Release|Any CPU
		{835519B4-1E59-4955-A434-454930404528}.Release|Any CPU.Build.0 = Release|Any CPU
	EndGlobalSection
	GlobalSection(SolutionProperties) = preSolution
		HideSolutionNode = FALSE
	EndGlobalSection
	GlobalSection(ExtensibilityGlobals) = postSolution
		SolutionGuid = {5072FD9B-D32B-4AEF-BF9E-58CE59D65231}
	EndGlobalSection
EndGlobal
